// !$*UTF8*$!
{
	archiveVersion = 1;
	classes = {
	};
	objectVersion = 56;
	objects = {

/* Begin PBXBuildFile section */
		BC1C04A82A588EA700107EFF /* GameView.swift in Sources */ = {isa = PBXBuildFile; fileRef = BC1C04A72A588EA700107EFF /* GameView.swift */; };
		BC255B0A2A588B800047169A /* AppDelegate.swift in Sources */ = {isa = PBXBuildFile; fileRef = BC255B092A588B800047169A /* AppDelegate.swift */; };
		BC255B0F2A588B800047169A /* GameViewController.swift in Sources */ = {isa = PBXBuildFile; fileRef = BC255B0E2A588B800047169A /* GameViewController.swift */; };
		BC255B112A588B800047169A /* Shaders.metal in Sources */ = {isa = PBXBuildFile; fileRef = BC255B102A588B800047169A /* Shaders.metal */; };
		BC255B142A588B800047169A /* Main.storyboard in Resources */ = {isa = PBXBuildFile; fileRef = BC255B122A588B800047169A /* Main.storyboard */; };
		BC255B162A588B810047169A /* Assets.xcassets in Resources */ = {isa = PBXBuildFile; fileRef = BC255B152A588B810047169A /* Assets.xcassets */; };
		BC255B192A588B810047169A /* LaunchScreen.storyboard in Resources */ = {isa = PBXBuildFile; fileRef = BC255B172A588B810047169A /* LaunchScreen.storyboard */; };
		BCBCF27E2A58C01A00EF0995 /* Engine.swift in Sources */ = {isa = PBXBuildFile; fileRef = BCBCF27B2A58C01A00EF0995 /* Engine.swift */; };
		BCBCF27F2A58C01A00EF0995 /* Preferences.swift in Sources */ = {isa = PBXBuildFile; fileRef = BCBCF27C2A58C01A00EF0995 /* Preferences.swift */; };
		BCBCF2802A58C01A00EF0995 /* Types.swift in Sources */ = {isa = PBXBuildFile; fileRef = BCBCF27D2A58C01A00EF0995 /* Types.swift */; };
		BCBCF2852A58C04400EF0995 /* ShaderLibrary.swift in Sources */ = {isa = PBXBuildFile; fileRef = BCBCF2812A58C04400EF0995 /* ShaderLibrary.swift */; };
		BCBCF2862A58C04400EF0995 /* RenderPipelineDescriptorLibrary.swift in Sources */ = {isa = PBXBuildFile; fileRef = BCBCF2822A58C04400EF0995 /* RenderPipelineDescriptorLibrary.swift */; };
		BCBCF2872A58C04400EF0995 /* RenderPipelineStateLibrary.swift in Sources */ = {isa = PBXBuildFile; fileRef = BCBCF2832A58C04400EF0995 /* RenderPipelineStateLibrary.swift */; };
		BCBCF2882A58C04400EF0995 /* VertexDescriptorLibrary.swift in Sources */ = {isa = PBXBuildFile; fileRef = BCBCF2842A58C04400EF0995 /* VertexDescriptorLibrary.swift */; };
		BCBCF2922A594BE800EF0995 /* GameObject.swift in Sources */ = {isa = PBXBuildFile; fileRef = BCBCF2912A594BE800EF0995 /* GameObject.swift */; };
		BCBCF2942A594D3C00EF0995 /* Renderer.swift in Sources */ = {isa = PBXBuildFile; fileRef = BCBCF2932A594D3C00EF0995 /* Renderer.swift */; };
		BCBCF2962A594F1200EF0995 /* MeshLibrary.swift in Sources */ = {isa = PBXBuildFile; fileRef = BCBCF2952A594F1200EF0995 /* MeshLibrary.swift */; };
		BCBCF2982A59527000EF0995 /* Player.swift in Sources */ = {isa = PBXBuildFile; fileRef = BCBCF2972A59527000EF0995 /* Player.swift */; };
		BCBCF29A2A59530700EF0995 /* Node.swift in Sources */ = {isa = PBXBuildFile; fileRef = BCBCF2992A59530700EF0995 /* Node.swift */; };
		BCBCF29D2A5953B400EF0995 /* Renderable.swift in Sources */ = {isa = PBXBuildFile; fileRef = BCBCF29C2A5953B400EF0995 /* Renderable.swift */; };
		BCBCF2A12A59734D00EF0995 /* Math.swift in Sources */ = {isa = PBXBuildFile; fileRef = BCBCF2A02A59734D00EF0995 /* Math.swift */; };
		BCBCF2A42A59800900EF0995 /* Scene.swift in Sources */ = {isa = PBXBuildFile; fileRef = BCBCF2A32A59800900EF0995 /* Scene.swift */; };
		BCBCF2A72A59810900EF0995 /* SandboxScene.swift in Sources */ = {isa = PBXBuildFile; fileRef = BCBCF2A62A59810900EF0995 /* SandboxScene.swift */; };
		BCBCF2AA2A59820500EF0995 /* SceneManager.swift in Sources */ = {isa = PBXBuildFile; fileRef = BCBCF2A92A59820500EF0995 /* SceneManager.swift */; };
/* End PBXBuildFile section */

/* Begin PBXFileReference section */
		BC1C04A72A588EA700107EFF /* GameView.swift */ = {isa = PBXFileReference; lastKnownFileType = sourcecode.swift; path = GameView.swift; sourceTree = "<group>"; };
		BC255B062A588B800047169A /* MetalGameMultiPlatform.app */ = {isa = PBXFileReference; explicitFileType = wrapper.application; includeInIndex = 0; path = MetalGameMultiPlatform.app; sourceTree = BUILT_PRODUCTS_DIR; };
		BC255B092A588B800047169A /* AppDelegate.swift */ = {isa = PBXFileReference; lastKnownFileType = sourcecode.swift; path = AppDelegate.swift; sourceTree = "<group>"; };
		BC255B0B2A588B800047169A /* ShaderTypes.h */ = {isa = PBXFileReference; lastKnownFileType = sourcecode.c.h; path = ShaderTypes.h; sourceTree = "<group>"; };
		BC255B0E2A588B800047169A /* GameViewController.swift */ = {isa = PBXFileReference; lastKnownFileType = sourcecode.swift; path = GameViewController.swift; sourceTree = "<group>"; };
		BC255B102A588B800047169A /* Shaders.metal */ = {isa = PBXFileReference; lastKnownFileType = sourcecode.metal; path = Shaders.metal; sourceTree = "<group>"; };
		BC255B132A588B800047169A /* Base */ = {isa = PBXFileReference; lastKnownFileType = file.storyboard; name = Base; path = Base.lproj/Main.storyboard; sourceTree = "<group>"; };
		BC255B152A588B810047169A /* Assets.xcassets */ = {isa = PBXFileReference; lastKnownFileType = folder.assetcatalog; path = Assets.xcassets; sourceTree = "<group>"; };
		BC255B182A588B810047169A /* Base */ = {isa = PBXFileReference; lastKnownFileType = file.storyboard; name = Base; path = Base.lproj/LaunchScreen.storyboard; sourceTree = "<group>"; };
		BCBCF27B2A58C01A00EF0995 /* Engine.swift */ = {isa = PBXFileReference; fileEncoding = 4; lastKnownFileType = sourcecode.swift; path = Engine.swift; sourceTree = "<group>"; };
		BCBCF27C2A58C01A00EF0995 /* Preferences.swift */ = {isa = PBXFileReference; fileEncoding = 4; lastKnownFileType = sourcecode.swift; path = Preferences.swift; sourceTree = "<group>"; };
		BCBCF27D2A58C01A00EF0995 /* Types.swift */ = {isa = PBXFileReference; fileEncoding = 4; lastKnownFileType = sourcecode.swift; path = Types.swift; sourceTree = "<group>"; };
		BCBCF2812A58C04400EF0995 /* ShaderLibrary.swift */ = {isa = PBXFileReference; fileEncoding = 4; lastKnownFileType = sourcecode.swift; path = ShaderLibrary.swift; sourceTree = "<group>"; };
		BCBCF2822A58C04400EF0995 /* RenderPipelineDescriptorLibrary.swift */ = {isa = PBXFileReference; fileEncoding = 4; lastKnownFileType = sourcecode.swift; path = RenderPipelineDescriptorLibrary.swift; sourceTree = "<group>"; };
		BCBCF2832A58C04400EF0995 /* RenderPipelineStateLibrary.swift */ = {isa = PBXFileReference; fileEncoding = 4; lastKnownFileType = sourcecode.swift; path = RenderPipelineStateLibrary.swift; sourceTree = "<group>"; };
		BCBCF2842A58C04400EF0995 /* VertexDescriptorLibrary.swift */ = {isa = PBXFileReference; fileEncoding = 4; lastKnownFileType = sourcecode.swift; path = VertexDescriptorLibrary.swift; sourceTree = "<group>"; };
		BCBCF2912A594BE800EF0995 /* GameObject.swift */ = {isa = PBXFileReference; lastKnownFileType = sourcecode.swift; path = GameObject.swift; sourceTree = "<group>"; };
		BCBCF2932A594D3C00EF0995 /* Renderer.swift */ = {isa = PBXFileReference; lastKnownFileType = sourcecode.swift; path = Renderer.swift; sourceTree = "<group>"; };
		BCBCF2952A594F1200EF0995 /* MeshLibrary.swift */ = {isa = PBXFileReference; lastKnownFileType = sourcecode.swift; path = MeshLibrary.swift; sourceTree = "<group>"; };
		BCBCF2972A59527000EF0995 /* Player.swift */ = {isa = PBXFileReference; lastKnownFileType = sourcecode.swift; path = Player.swift; sourceTree = "<group>"; };
		BCBCF2992A59530700EF0995 /* Node.swift */ = {isa = PBXFileReference; lastKnownFileType = sourcecode.swift; path = Node.swift; sourceTree = "<group>"; };
		BCBCF29C2A5953B400EF0995 /* Renderable.swift */ = {isa = PBXFileReference; lastKnownFileType = sourcecode.swift; path = Renderable.swift; sourceTree = "<group>"; };
		BCBCF2A02A59734D00EF0995 /* Math.swift */ = {isa = PBXFileReference; lastKnownFileType = sourcecode.swift; path = Math.swift; sourceTree = "<group>"; };
		BCBCF2A32A59800900EF0995 /* Scene.swift */ = {isa = PBXFileReference; lastKnownFileType = sourcecode.swift; path = Scene.swift; sourceTree = "<group>"; };
		BCBCF2A62A59810900EF0995 /* SandboxScene.swift */ = {isa = PBXFileReference; lastKnownFileType = sourcecode.swift; path = SandboxScene.swift; sourceTree = "<group>"; };
		BCBCF2A92A59820500EF0995 /* SceneManager.swift */ = {isa = PBXFileReference; lastKnownFileType = sourcecode.swift; path = SceneManager.swift; sourceTree = "<group>"; };
/* End PBXFileReference section */

/* Begin PBXFrameworksBuildPhase section */
		BC255B032A588B800047169A /* Frameworks */ = {
			isa = PBXFrameworksBuildPhase;
			buildActionMask = 2147483647;
			files = (
			);
			runOnlyForDeploymentPostprocessing = 0;
		};
/* End PBXFrameworksBuildPhase section */

/* Begin PBXGroup section */
		BC255AFD2A588B800047169A = {
			isa = PBXGroup;
			children = (
				BC255B082A588B800047169A /* MetalGameMultiPlatform */,
				BC255B072A588B800047169A /* Products */,
			);
			sourceTree = "<group>";
		};
		BC255B072A588B800047169A /* Products */ = {
			isa = PBXGroup;
			children = (
				BC255B062A588B800047169A /* MetalGameMultiPlatform.app */,
			);
			name = Products;
			sourceTree = "<group>";
		};
		BC255B082A588B800047169A /* MetalGameMultiPlatform */ = {
			isa = PBXGroup;
			children = (
				BCBCF2A82A5981F800EF0995 /* Managers */,
				BCBCF29F2A59734300EF0995 /* Maths */,
				BCBCF2902A594BC600EF0995 /* Game */,
				BCBCF27A2A58C01A00EF0995 /* Core */,
				BCBCF2762A58BA7300EF0995 /* Display */,
				BCBCF2752A58BA6E00EF0995 /* Libraries */,
				BCBCF2742A58B8E700EF0995 /* Shaders */,
				BC255B092A588B800047169A /* AppDelegate.swift */,
				BC255B152A588B810047169A /* Assets.xcassets */,
				BC255B172A588B810047169A /* LaunchScreen.storyboard */,
			);
			path = MetalGameMultiPlatform;
			sourceTree = "<group>";
		};
		BCBCF2742A58B8E700EF0995 /* Shaders */ = {
			isa = PBXGroup;
			children = (
				BC255B102A588B800047169A /* Shaders.metal */,
				BC255B0B2A588B800047169A /* ShaderTypes.h */,
			);
			path = Shaders;
			sourceTree = "<group>";
		};
		BCBCF2752A58BA6E00EF0995 /* Libraries */ = {
			isa = PBXGroup;
			children = (
				BCBCF2822A58C04400EF0995 /* RenderPipelineDescriptorLibrary.swift */,
				BCBCF2832A58C04400EF0995 /* RenderPipelineStateLibrary.swift */,
				BCBCF2812A58C04400EF0995 /* ShaderLibrary.swift */,
				BCBCF2842A58C04400EF0995 /* VertexDescriptorLibrary.swift */,
				BCBCF2952A594F1200EF0995 /* MeshLibrary.swift */,
			);
			path = Libraries;
			sourceTree = "<group>";
		};
		BCBCF2762A58BA7300EF0995 /* Display */ = {
			isa = PBXGroup;
			children = (
				BC255B0E2A588B800047169A /* GameViewController.swift */,
				BC255B122A588B800047169A /* Main.storyboard */,
				BC1C04A72A588EA700107EFF /* GameView.swift */,
				BCBCF2932A594D3C00EF0995 /* Renderer.swift */,
			);
			path = Display;
			sourceTree = "<group>";
		};
		BCBCF27A2A58C01A00EF0995 /* Core */ = {
			isa = PBXGroup;
			children = (
				BCBCF27B2A58C01A00EF0995 /* Engine.swift */,
				BCBCF27C2A58C01A00EF0995 /* Preferences.swift */,
				BCBCF27D2A58C01A00EF0995 /* Types.swift */,
			);
			path = Core;
			sourceTree = "<group>";
		};
		BCBCF2902A594BC600EF0995 /* Game */ = {
			isa = PBXGroup;
			children = (
				BCBCF2992A59530700EF0995 /* Node.swift */,
				BCBCF2A22A597FFD00EF0995 /* Scenes */,
				BCBCF29E2A59546700EF0995 /* GameObjects */,
				BCBCF29B2A5953A200EF0995 /* Protocols */,
			);
			path = Game;
			sourceTree = "<group>";
		};
		BCBCF29B2A5953A200EF0995 /* Protocols */ = {
			isa = PBXGroup;
			children = (
				BCBCF29C2A5953B400EF0995 /* Renderable.swift */,
			);
			path = Protocols;
			sourceTree = "<group>";
		};
		BCBCF29E2A59546700EF0995 /* GameObjects */ = {
			isa = PBXGroup;
			children = (
				BCBCF2972A59527000EF0995 /* Player.swift */,
				BCBCF2912A594BE800EF0995 /* GameObject.swift */,
			);
			path = GameObjects;
			sourceTree = "<group>";
		};
		BCBCF29F2A59734300EF0995 /* Maths */ = {
			isa = PBXGroup;
			children = (
				BCBCF2A02A59734D00EF0995 /* Math.swift */,
			);
			path = Maths;
			sourceTree = "<group>";
		};
		BCBCF2A22A597FFD00EF0995 /* Scenes */ = {
			isa = PBXGroup;
			children = (
				BCBCF2A32A59800900EF0995 /* Scene.swift */,
				BCBCF2A62A59810900EF0995 /* SandboxScene.swift */,
			);
			path = Scenes;
			sourceTree = "<group>";
		};
		BCBCF2A82A5981F800EF0995 /* Managers */ = {
			isa = PBXGroup;
			children = (
				BCBCF2A92A59820500EF0995 /* SceneManager.swift */,
			);
			path = Managers;
			sourceTree = "<group>";
		};
/* End PBXGroup section */

/* Begin PBXNativeTarget section */
		BC255B052A588B800047169A /* MetalGameMultiPlatform */ = {
			isa = PBXNativeTarget;
			buildConfigurationList = BC255B1C2A588B810047169A /* Build configuration list for PBXNativeTarget "MetalGameMultiPlatform" */;
			buildPhases = (
				BC255B022A588B800047169A /* Sources */,
				BC255B032A588B800047169A /* Frameworks */,
				BC255B042A588B800047169A /* Resources */,
			);
			buildRules = (
			);
			dependencies = (
			);
			name = MetalGameMultiPlatform;
			productName = MetalGameMultiPlatform;
			productReference = BC255B062A588B800047169A /* MetalGameMultiPlatform.app */;
			productType = "com.apple.product-type.application";
		};
/* End PBXNativeTarget section */

/* Begin PBXProject section */
		BC255AFE2A588B800047169A /* Project object */ = {
			isa = PBXProject;
			attributes = {
				BuildIndependentTargetsInParallel = 1;
				LastSwiftUpdateCheck = 1430;
				LastUpgradeCheck = 1430;
				TargetAttributes = {
					BC255B052A588B800047169A = {
						CreatedOnToolsVersion = 14.3.1;
					};
				};
			};
			buildConfigurationList = BC255B012A588B800047169A /* Build configuration list for PBXProject "MetalGameMultiPlatform" */;
			compatibilityVersion = "Xcode 14.0";
			developmentRegion = en;
			hasScannedForEncodings = 0;
			knownRegions = (
				en,
				Base,
			);
			mainGroup = BC255AFD2A588B800047169A;
			productRefGroup = BC255B072A588B800047169A /* Products */;
			projectDirPath = "";
			projectRoot = "";
			targets = (
				BC255B052A588B800047169A /* MetalGameMultiPlatform */,
			);
		};
/* End PBXProject section */

/* Begin PBXResourcesBuildPhase section */
		BC255B042A588B800047169A /* Resources */ = {
			isa = PBXResourcesBuildPhase;
			buildActionMask = 2147483647;
			files = (
				BC255B192A588B810047169A /* LaunchScreen.storyboard in Resources */,
				BC255B162A588B810047169A /* Assets.xcassets in Resources */,
				BC255B142A588B800047169A /* Main.storyboard in Resources */,
			);
			runOnlyForDeploymentPostprocessing = 0;
		};
/* End PBXResourcesBuildPhase section */

/* Begin PBXSourcesBuildPhase section */
		BC255B022A588B800047169A /* Sources */ = {
			isa = PBXSourcesBuildPhase;
			buildActionMask = 2147483647;
			files = (
				BCBCF29D2A5953B400EF0995 /* Renderable.swift in Sources */,
				BCBCF2862A58C04400EF0995 /* RenderPipelineDescriptorLibrary.swift in Sources */,
				BC255B112A588B800047169A /* Shaders.metal in Sources */,
				BCBCF2A42A59800900EF0995 /* Scene.swift in Sources */,
				BCBCF2852A58C04400EF0995 /* ShaderLibrary.swift in Sources */,
				BCBCF27F2A58C01A00EF0995 /* Preferences.swift in Sources */,
				BCBCF2962A594F1200EF0995 /* MeshLibrary.swift in Sources */,
				BCBCF27E2A58C01A00EF0995 /* Engine.swift in Sources */,
				BCBCF2942A594D3C00EF0995 /* Renderer.swift in Sources */,
				BCBCF2802A58C01A00EF0995 /* Types.swift in Sources */,
				BCBCF2AA2A59820500EF0995 /* SceneManager.swift in Sources */,
				BCBCF2882A58C04400EF0995 /* VertexDescriptorLibrary.swift in Sources */,
				BC255B0F2A588B800047169A /* GameViewController.swift in Sources */,
				BCBCF2A12A59734D00EF0995 /* Math.swift in Sources */,
				BCBCF2922A594BE800EF0995 /* GameObject.swift in Sources */,
				BCBCF29A2A59530700EF0995 /* Node.swift in Sources */,
				BC255B0A2A588B800047169A /* AppDelegate.swift in Sources */,
				BC1C04A82A588EA700107EFF /* GameView.swift in Sources */,
				BCBCF2982A59527000EF0995 /* Player.swift in Sources */,
				BCBCF2A72A59810900EF0995 /* SandboxScene.swift in Sources */,
				BCBCF2872A58C04400EF0995 /* RenderPipelineStateLibrary.swift in Sources */,
			);
			runOnlyForDeploymentPostprocessing = 0;
		};
/* End PBXSourcesBuildPhase section */

/* Begin PBXVariantGroup section */
		BC255B122A588B800047169A /* Main.storyboard */ = {
			isa = PBXVariantGroup;
			children = (
				BC255B132A588B800047169A /* Base */,
			);
			name = Main.storyboard;
			sourceTree = "<group>";
		};
		BC255B172A588B810047169A /* LaunchScreen.storyboard */ = {
			isa = PBXVariantGroup;
			children = (
				BC255B182A588B810047169A /* Base */,
			);
			name = LaunchScreen.storyboard;
			sourceTree = "<group>";
		};
/* End PBXVariantGroup section */

/* Begin XCBuildConfiguration section */
		BC255B1A2A588B810047169A /* Debug */ = {
			isa = XCBuildConfiguration;
			buildSettings = {
				ALWAYS_SEARCH_USER_PATHS = NO;
				CLANG_ANALYZER_NONNULL = YES;
				CLANG_ANALYZER_NUMBER_OBJECT_CONVERSION = YES_AGGRESSIVE;
				CLANG_CXX_LANGUAGE_STANDARD = "gnu++20";
				CLANG_ENABLE_MODULES = YES;
				CLANG_ENABLE_OBJC_ARC = YES;
				CLANG_ENABLE_OBJC_WEAK = YES;
				CLANG_WARN_BLOCK_CAPTURE_AUTORELEASING = YES;
				CLANG_WARN_BOOL_CONVERSION = YES;
				CLANG_WARN_COMMA = YES;
				CLANG_WARN_CONSTANT_CONVERSION = YES;
				CLANG_WARN_DEPRECATED_OBJC_IMPLEMENTATIONS = YES;
				CLANG_WARN_DIRECT_OBJC_ISA_USAGE = YES_ERROR;
				CLANG_WARN_DOCUMENTATION_COMMENTS = YES;
				CLANG_WARN_EMPTY_BODY = YES;
				CLANG_WARN_ENUM_CONVERSION = YES;
				CLANG_WARN_INFINITE_RECURSION = YES;
				CLANG_WARN_INT_CONVERSION = YES;
				CLANG_WARN_NON_LITERAL_NULL_CONVERSION = YES;
				CLANG_WARN_OBJC_IMPLICIT_RETAIN_SELF = YES;
				CLANG_WARN_OBJC_LITERAL_CONVERSION = YES;
				CLANG_WARN_OBJC_ROOT_CLASS = YES_ERROR;
				CLANG_WARN_QUOTED_INCLUDE_IN_FRAMEWORK_HEADER = YES;
				CLANG_WARN_RANGE_LOOP_ANALYSIS = YES;
				CLANG_WARN_STRICT_PROTOTYPES = YES;
				CLANG_WARN_SUSPICIOUS_MOVE = YES;
				CLANG_WARN_UNGUARDED_AVAILABILITY = YES_AGGRESSIVE;
				CLANG_WARN_UNREACHABLE_CODE = YES;
				CLANG_WARN__DUPLICATE_METHOD_MATCH = YES;
				COPY_PHASE_STRIP = NO;
				DEBUG_INFORMATION_FORMAT = dwarf;
				ENABLE_STRICT_OBJC_MSGSEND = YES;
				ENABLE_TESTABILITY = YES;
				GCC_C_LANGUAGE_STANDARD = gnu11;
				GCC_DYNAMIC_NO_PIC = NO;
				GCC_NO_COMMON_BLOCKS = YES;
				GCC_OPTIMIZATION_LEVEL = 0;
				GCC_PREPROCESSOR_DEFINITIONS = (
					"DEBUG=1",
					"$(inherited)",
				);
				GCC_WARN_64_TO_32_BIT_CONVERSION = YES;
				GCC_WARN_ABOUT_RETURN_TYPE = YES_ERROR;
				GCC_WARN_UNDECLARED_SELECTOR = YES;
				GCC_WARN_UNINITIALIZED_AUTOS = YES_AGGRESSIVE;
				GCC_WARN_UNUSED_FUNCTION = YES;
				GCC_WARN_UNUSED_VARIABLE = YES;
				IPHONEOS_DEPLOYMENT_TARGET = 16.4;
				MTL_ENABLE_DEBUG_INFO = INCLUDE_SOURCE;
				MTL_FAST_MATH = YES;
				ONLY_ACTIVE_ARCH = YES;
				SDKROOT = iphoneos;
				SWIFT_ACTIVE_COMPILATION_CONDITIONS = DEBUG;
				SWIFT_OPTIMIZATION_LEVEL = "-Onone";
			};
			name = Debug;
		};
		BC255B1B2A588B810047169A /* Release */ = {
			isa = XCBuildConfiguration;
			buildSettings = {
				ALWAYS_SEARCH_USER_PATHS = NO;
				CLANG_ANALYZER_NONNULL = YES;
				CLANG_ANALYZER_NUMBER_OBJECT_CONVERSION = YES_AGGRESSIVE;
				CLANG_CXX_LANGUAGE_STANDARD = "gnu++20";
				CLANG_ENABLE_MODULES = YES;
				CLANG_ENABLE_OBJC_ARC = YES;
				CLANG_ENABLE_OBJC_WEAK = YES;
				CLANG_WARN_BLOCK_CAPTURE_AUTORELEASING = YES;
				CLANG_WARN_BOOL_CONVERSION = YES;
				CLANG_WARN_COMMA = YES;
				CLANG_WARN_CONSTANT_CONVERSION = YES;
				CLANG_WARN_DEPRECATED_OBJC_IMPLEMENTATIONS = YES;
				CLANG_WARN_DIRECT_OBJC_ISA_USAGE = YES_ERROR;
				CLANG_WARN_DOCUMENTATION_COMMENTS = YES;
				CLANG_WARN_EMPTY_BODY = YES;
				CLANG_WARN_ENUM_CONVERSION = YES;
				CLANG_WARN_INFINITE_RECURSION = YES;
				CLANG_WARN_INT_CONVERSION = YES;
				CLANG_WARN_NON_LITERAL_NULL_CONVERSION = YES;
				CLANG_WARN_OBJC_IMPLICIT_RETAIN_SELF = YES;
				CLANG_WARN_OBJC_LITERAL_CONVERSION = YES;
				CLANG_WARN_OBJC_ROOT_CLASS = YES_ERROR;
				CLANG_WARN_QUOTED_INCLUDE_IN_FRAMEWORK_HEADER = YES;
				CLANG_WARN_RANGE_LOOP_ANALYSIS = YES;
				CLANG_WARN_STRICT_PROTOTYPES = YES;
				CLANG_WARN_SUSPICIOUS_MOVE = YES;
				CLANG_WARN_UNGUARDED_AVAILABILITY = YES_AGGRESSIVE;
				CLANG_WARN_UNREACHABLE_CODE = YES;
				CLANG_WARN__DUPLICATE_METHOD_MATCH = YES;
				COPY_PHASE_STRIP = NO;
				DEBUG_INFORMATION_FORMAT = "dwarf-with-dsym";
				ENABLE_NS_ASSERTIONS = NO;
				ENABLE_STRICT_OBJC_MSGSEND = YES;
				GCC_C_LANGUAGE_STANDARD = gnu11;
				GCC_NO_COMMON_BLOCKS = YES;
				GCC_WARN_64_TO_32_BIT_CONVERSION = YES;
				GCC_WARN_ABOUT_RETURN_TYPE = YES_ERROR;
				GCC_WARN_UNDECLARED_SELECTOR = YES;
				GCC_WARN_UNINITIALIZED_AUTOS = YES_AGGRESSIVE;
				GCC_WARN_UNUSED_FUNCTION = YES;
				GCC_WARN_UNUSED_VARIABLE = YES;
				IPHONEOS_DEPLOYMENT_TARGET = 16.4;
				MTL_ENABLE_DEBUG_INFO = NO;
				MTL_FAST_MATH = YES;
				SDKROOT = iphoneos;
				SWIFT_COMPILATION_MODE = wholemodule;
				SWIFT_OPTIMIZATION_LEVEL = "-O";
				VALIDATE_PRODUCT = YES;
			};
			name = Release;
		};
		BC255B1D2A588B810047169A /* Debug */ = {
			isa = XCBuildConfiguration;
			buildSettings = {
				ASSETCATALOG_COMPILER_APPICON_NAME = AppIcon;
				ASSETCATALOG_COMPILER_GLOBAL_ACCENT_COLOR_NAME = AccentColor;
				CODE_SIGN_STYLE = Automatic;
				CURRENT_PROJECT_VERSION = 1;
				DEVELOPMENT_TEAM = 9WW9Z623Y6;
				GENERATE_INFOPLIST_FILE = YES;
				INFOPLIST_KEY_UIApplicationSupportsIndirectInputEvents = YES;
				INFOPLIST_KEY_UILaunchStoryboardName = LaunchScreen;
				INFOPLIST_KEY_UIMainStoryboardFile = Main;
				INFOPLIST_KEY_UIRequiredDeviceCapabilities = metal;
				INFOPLIST_KEY_UIStatusBarHidden = YES;
				INFOPLIST_KEY_UISupportedInterfaceOrientations_iPad = "UIInterfaceOrientationPortrait UIInterfaceOrientationPortraitUpsideDown UIInterfaceOrientationLandscapeLeft UIInterfaceOrientationLandscapeRight";
				INFOPLIST_KEY_UISupportedInterfaceOrientations_iPhone = "UIInterfaceOrientationPortrait UIInterfaceOrientationLandscapeLeft UIInterfaceOrientationLandscapeRight";
				LD_RUNPATH_SEARCH_PATHS = (
					"$(inherited)",
					"@executable_path/Frameworks",
				);
				MARKETING_VERSION = 1.0;
				PRODUCT_BUNDLE_IDENTIFIER = denysApple.MetalGameMultiPlatform;
				PRODUCT_NAME = "$(TARGET_NAME)";
				SWIFT_EMIT_LOC_STRINGS = YES;
				SWIFT_OBJC_BRIDGING_HEADER = "$(TARGET_NAME)/Shaders/ShaderTypes.h";
				SWIFT_VERSION = 5.0;
				TARGETED_DEVICE_FAMILY = "1,2";
			};
			name = Debug;
		};
		BC255B1E2A588B810047169A /* Release */ = {
			isa = XCBuildConfiguration;
			buildSettings = {
				ASSETCATALOG_COMPILER_APPICON_NAME = AppIcon;
				ASSETCATALOG_COMPILER_GLOBAL_ACCENT_COLOR_NAME = AccentColor;
				CODE_SIGN_STYLE = Automatic;
				CURRENT_PROJECT_VERSION = 1;
				DEVELOPMENT_TEAM = 9WW9Z623Y6;
				GENERATE_INFOPLIST_FILE = YES;
				INFOPLIST_KEY_UIApplicationSupportsIndirectInputEvents = YES;
				INFOPLIST_KEY_UILaunchStoryboardName = LaunchScreen;
				INFOPLIST_KEY_UIMainStoryboardFile = Main;
				INFOPLIST_KEY_UIRequiredDeviceCapabilities = metal;
				INFOPLIST_KEY_UIStatusBarHidden = YES;
				INFOPLIST_KEY_UISupportedInterfaceOrientations_iPad = "UIInterfaceOrientationPortrait UIInterfaceOrientationPortraitUpsideDown UIInterfaceOrientationLandscapeLeft UIInterfaceOrientationLandscapeRight";
				INFOPLIST_KEY_UISupportedInterfaceOrientations_iPhone = "UIInterfaceOrientationPortrait UIInterfaceOrientationLandscapeLeft UIInterfaceOrientationLandscapeRight";
				LD_RUNPATH_SEARCH_PATHS = (
					"$(inherited)",
					"@executable_path/Frameworks",
				);
				MARKETING_VERSION = 1.0;
				PRODUCT_BUNDLE_IDENTIFIER = denysApple.MetalGameMultiPlatform;
				PRODUCT_NAME = "$(TARGET_NAME)";
				SWIFT_EMIT_LOC_STRINGS = YES;
				SWIFT_OBJC_BRIDGING_HEADER = "$(TARGET_NAME)/Shaders/ShaderTypes.h";
				SWIFT_VERSION = 5.0;
				TARGETED_DEVICE_FAMILY = "1,2";
			};
			name = Release;
		};
/* End XCBuildConfiguration section */

/* Begin XCConfigurationList section */
		BC255B012A588B800047169A /* Build configuration list for PBXProject "MetalGameMultiPlatform" */ = {
			isa = XCConfigurationList;
			buildConfigurations = (
				BC255B1A2A588B810047169A /* Debug */,
				BC255B1B2A588B810047169A /* Release */,
			);
			defaultConfigurationIsVisible = 0;
			defaultConfigurationName = Release;
		};
		BC255B1C2A588B810047169A /* Build configuration list for PBXNativeTarget "MetalGameMultiPlatform" */ = {
			isa = XCConfigurationList;
			buildConfigurations = (
				BC255B1D2A588B810047169A /* Debug */,
				BC255B1E2A588B810047169A /* Release */,
			);
			defaultConfigurationIsVisible = 0;
			defaultConfigurationName = Release;
		};
/* End XCConfigurationList section */
	};
	rootObject = BC255AFE2A588B800047169A /* Project object */;
}
